
Microsoft Visual Studio Solution File, Format Version 12.00
# Visual Studio Version 16
VisualStudioVersion = 16.0.30517.126
MinimumVisualStudioVersion = 10.0.40219.1
Project("{FAE04EC0-301F-11D3-BF4B-00C04F79EFBC}") = "PolygonCheck", "WindowsFormsApp2\PolygonCheck.csproj", "{52704712-AD7D-4F7F-8324-91353950CA40}"
EndProject
Global
	GlobalSection(SolutionConfigurationPlatforms) = preSolution
		Debug|Any CPU = Debug|Any CPU
		Release|Any CPU = Release|Any CPU
	EndGlobalSection
	GlobalSection(ProjectConfigurationPlatforms) = postSolution
		{52704712-AD7D-4F7F-8324-91353950CA40}.Debug|Any CPU.ActiveCfg = Debug|Any CPU
		{52704712-AD7D-4F7F-8324-91353950CA40}.Debug|Any CPU.Build.0 = Debug|Any CPU
		{52704712-AD7D-4F7F-8324-91353950CA40}.Release|Any CPU.ActiveCfg = Release|Any CPU
		{52704712-AD7D-4F7F-8324-91353950CA40}.Release|Any CPU.Build.0 = Release|Any CPU
	EndGlobalSection
	GlobalSection(SolutionProperties) = preSolution
		HideSolutionNode = FALSE
	EndGlobalSection
	GlobalSection(ExtensibilityGlobals) = postSolution
		SolutionGuid = {5B58A931-4253-449D-AC3C-0DDFC07A6614}
	EndGlobalSection
EndGlobal
